
Microsoft Visual Studio Solution File, Format Version 12.00
# Visual Studio Version 17
VisualStudioVersion = 17.11.35222.181
MinimumVisualStudioVersion = 10.0.40219.1
Project("{FAE04EC0-301F-11D3-BF4B-00C04F79EFBC}") = "Last_EF", "Last_EF\Last_EF.csproj", "{AF5875AE-89BC-4963-B326-6C964292C11A}"
EndProject
Global
	GlobalSection(SolutionConfigurationPlatforms) = preSolution
		Debug|Any CPU = Debug|Any CPU
		Release|Any CPU = Release|Any CPU
	EndGlobalSection
	GlobalSection(ProjectConfigurationPlatforms) = postSolution
		{AF5875AE-89BC-4963-B326-6C964292C11A}.Debug|Any CPU.ActiveCfg = Debug|Any CPU
		{AF5875AE-89BC-4963-B326-6C964292C11A}.Debug|Any CPU.Build.0 = Debug|Any CPU
		{AF5875AE-89BC-4963-B326-6C964292C11A}.Release|Any CPU.ActiveCfg = Release|Any CPU
		{AF5875AE-89BC-4963-B326-6C964292C11A}.Release|Any CPU.Build.0 = Release|Any CPU
	EndGlobalSection
	GlobalSection(SolutionProperties) = preSolution
		HideSolutionNode = FALSE
	EndGlobalSection
	GlobalSection(ExtensibilityGlobals) = postSolution
		SolutionGuid = {2DB1CCF3-FAE2-4AC5-9714-7269093F071B}
	EndGlobalSection
EndGlobal
